
Microsoft Visual Studio Solution File, Format Version 12.00
# Visual Studio Version 16
VisualStudioVersion = 16.0.33423.256
MinimumVisualStudioVersion = 10.0.40219.1
Project("{FAE04EC0-301F-11D3-BF4B-00C04F79EFBC}") = "ExecuteSQLBatch", "ExecuteSQLBatch\ExecuteSQLBatch.csproj", "{AEC300EB-38A2-4739-A3C9-414862DE5F66}"
EndProject
Global
	GlobalSection(SolutionConfigurationPlatforms) = preSolution
		Debug|Any CPU = Debug|Any CPU
		Release|Any CPU = Release|Any CPU
	EndGlobalSection
	GlobalSection(ProjectConfigurationPlatforms) = postSolution
		{AEC300EB-38A2-4739-A3C9-414862DE5F66}.Debug|Any CPU.ActiveCfg = Debug|Any CPU
		{AEC300EB-38A2-4739-A3C9-414862DE5F66}.Debug|Any CPU.Build.0 = Debug|Any CPU
		{AEC300EB-38A2-4739-A3C9-414862DE5F66}.Release|Any CPU.ActiveCfg = Release|Any CPU
		{AEC300EB-38A2-4739-A3C9-414862DE5F66}.Release|Any CPU.Build.0 = Release|Any CPU
	EndGlobalSection
	GlobalSection(SolutionProperties) = preSolution
		HideSolutionNode = FALSE
	EndGlobalSection
	GlobalSection(ExtensibilityGlobals) = postSolution
		SolutionGuid = {9C8ED182-3DE0-4833-B815-18BFC2C4C1BD}
	EndGlobalSection
EndGlobal
